
Microsoft Visual Studio Solution File, Format Version 12.00
Project("{FAE04EC0-301F-11D3-BF4B-00C04F79EFBC}") = "PeopleManager", "PeopleManager\PeopleManager.csproj", "{750B7D2D-D409-4F9F-A27F-609927D23BDA}"
EndProject
Project("{FAE04EC0-301F-11D3-BF4B-00C04F79EFBC}") = "PeopleManager.Domain", "PeopleManager.Domain\PeopleManager.Domain.csproj", "{CFE6EA79-4A5F-4EF6-9CEF-7718235A442E}"
EndProject
Project("{FAE04EC0-301F-11D3-BF4B-00C04F79EFBC}") = "PeopleManager.Repository", "PeopleManager.Repository\PeopleManager.Repository.csproj", "{BEDC2B32-112A-4B4F-A65E-8904D64A2F3C}"
EndProject
Project("{FAE04EC0-301F-11D3-BF4B-00C04F79EFBC}") = "PeopleManager.Logic", "PeopleManager.Logic\PeopleManager.Logic.csproj", "{001C3A0F-DB11-4CF9-838D-300C0A510165}"
EndProject
Project("{FAE04EC0-301F-11D3-BF4B-00C04F79EFBC}") = "PeopleManager.Repository.UnitTests", "PeopleManager.Repository.UnitTests\PeopleManager.Repository.UnitTests.csproj", "{D0624B18-EB00-4A01-BED9-F02BBFBA47A7}"
EndProject
Project("{FAE04EC0-301F-11D3-BF4B-00C04F79EFBC}") = "PeopleManager.Logic.UnitTests", "PeopleManager.Logic.UnitTests\PeopleManager.Logic.UnitTests.csproj", "{4D9612B6-C791-47B3-B11E-58F922DE108D}"
EndProject
Global
	GlobalSection(SolutionConfigurationPlatforms) = preSolution
		Debug|Any CPU = Debug|Any CPU
		Release|Any CPU = Release|Any CPU
	EndGlobalSection
	GlobalSection(ProjectConfigurationPlatforms) = postSolution
		{750B7D2D-D409-4F9F-A27F-609927D23BDA}.Debug|Any CPU.ActiveCfg = Debug|Any CPU
		{750B7D2D-D409-4F9F-A27F-609927D23BDA}.Debug|Any CPU.Build.0 = Debug|Any CPU
		{750B7D2D-D409-4F9F-A27F-609927D23BDA}.Release|Any CPU.ActiveCfg = Release|Any CPU
		{750B7D2D-D409-4F9F-A27F-609927D23BDA}.Release|Any CPU.Build.0 = Release|Any CPU
		{CFE6EA79-4A5F-4EF6-9CEF-7718235A442E}.Debug|Any CPU.ActiveCfg = Debug|Any CPU
		{CFE6EA79-4A5F-4EF6-9CEF-7718235A442E}.Debug|Any CPU.Build.0 = Debug|Any CPU
		{CFE6EA79-4A5F-4EF6-9CEF-7718235A442E}.Release|Any CPU.ActiveCfg = Release|Any CPU
		{CFE6EA79-4A5F-4EF6-9CEF-7718235A442E}.Release|Any CPU.Build.0 = Release|Any CPU
		{BEDC2B32-112A-4B4F-A65E-8904D64A2F3C}.Debug|Any CPU.ActiveCfg = Debug|Any CPU
		{BEDC2B32-112A-4B4F-A65E-8904D64A2F3C}.Debug|Any CPU.Build.0 = Debug|Any CPU
		{BEDC2B32-112A-4B4F-A65E-8904D64A2F3C}.Release|Any CPU.ActiveCfg = Release|Any CPU
		{BEDC2B32-112A-4B4F-A65E-8904D64A2F3C}.Release|Any CPU.Build.0 = Release|Any CPU
		{001C3A0F-DB11-4CF9-838D-300C0A510165}.Debug|Any CPU.ActiveCfg = Debug|Any CPU
		{001C3A0F-DB11-4CF9-838D-300C0A510165}.Debug|Any CPU.Build.0 = Debug|Any CPU
		{001C3A0F-DB11-4CF9-838D-300C0A510165}.Release|Any CPU.ActiveCfg = Release|Any CPU
		{001C3A0F-DB11-4CF9-838D-300C0A510165}.Release|Any CPU.Build.0 = Release|Any CPU
		{D0624B18-EB00-4A01-BED9-F02BBFBA47A7}.Debug|Any CPU.ActiveCfg = Debug|Any CPU
		{D0624B18-EB00-4A01-BED9-F02BBFBA47A7}.Debug|Any CPU.Build.0 = Debug|Any CPU
		{D0624B18-EB00-4A01-BED9-F02BBFBA47A7}.Release|Any CPU.ActiveCfg = Release|Any CPU
		{D0624B18-EB00-4A01-BED9-F02BBFBA47A7}.Release|Any CPU.Build.0 = Release|Any CPU
		{4D9612B6-C791-47B3-B11E-58F922DE108D}.Debug|Any CPU.ActiveCfg = Debug|Any CPU
		{4D9612B6-C791-47B3-B11E-58F922DE108D}.Debug|Any CPU.Build.0 = Debug|Any CPU
		{4D9612B6-C791-47B3-B11E-58F922DE108D}.Release|Any CPU.ActiveCfg = Release|Any CPU
		{4D9612B6-C791-47B3-B11E-58F922DE108D}.Release|Any CPU.Build.0 = Release|Any CPU
	EndGlobalSection
EndGlobal
